
Microsoft Visual Studio Solution File, Format Version 12.00
Project("{FAE04EC0-301F-11D3-BF4B-00C04F79EFBC}") = "spotify-stats-api", "spotify-stats-api\spotify-stats-api.csproj", "{0A4E21B2-263D-4218-ACEB-4A7EA91349B4}"
EndProject
Project("{2150E333-8FDC-42A3-9474-1A3956D46DE8}") = "Solution Items", "Solution Items", "{79EB2486-A703-459C-BB77-56110ECF0F6C}"
	ProjectSection(SolutionItems) = preProject
		docker-compose.yml = docker-compose.yml
	EndProjectSection
EndProject
Global
	GlobalSection(SolutionConfigurationPlatforms) = preSolution
		Debug|Any CPU = Debug|Any CPU
		Release|Any CPU = Release|Any CPU
	EndGlobalSection
	GlobalSection(ProjectConfigurationPlatforms) = postSolution
		{0A4E21B2-263D-4218-ACEB-4A7EA91349B4}.Debug|Any CPU.ActiveCfg = Debug|Any CPU
		{0A4E21B2-263D-4218-ACEB-4A7EA91349B4}.Debug|Any CPU.Build.0 = Debug|Any CPU
		{0A4E21B2-263D-4218-ACEB-4A7EA91349B4}.Release|Any CPU.ActiveCfg = Release|Any CPU
		{0A4E21B2-263D-4218-ACEB-4A7EA91349B4}.Release|Any CPU.Build.0 = Release|Any CPU
	EndGlobalSection
EndGlobal
